
Microsoft Visual Studio Solution File, Format Version 10.00
# Visual Studio 2008
Project("{8BC9CEB8-8B4A-11D0-8D11-00A0C91BC942}") = "Skyfire", "Skyfire.vcproj", "{60116860-51AF-4353-82C4-65AF93391023}"
EndProject
Project("{8BC9CEB8-8B4A-11D0-8D11-00A0C91BC942}") = "Orcid", "..\Orcid\Orcid.vcproj", "{F3A2837C-507C-4BAC-A943-4604821AC1CD}"
EndProject
Global
	GlobalSection(SolutionConfigurationPlatforms) = preSolution
		Debug|Win32 = Debug|Win32
		Release|Win32 = Release|Win32
	EndGlobalSection
	GlobalSection(ProjectConfigurationPlatforms) = postSolution
		{60116860-51AF-4353-82C4-65AF93391023}.Debug|Win32.ActiveCfg = Debug|Win32
		{60116860-51AF-4353-82C4-65AF93391023}.Debug|Win32.Build.0 = Debug|Win32
		{60116860-51AF-4353-82C4-65AF93391023}.Release|Win32.ActiveCfg = Release|Win32
		{60116860-51AF-4353-82C4-65AF93391023}.Release|Win32.Build.0 = Release|Win32
		{F3A2837C-507C-4BAC-A943-4604821AC1CD}.Debug|Win32.ActiveCfg = Debug|Win32
		{F3A2837C-507C-4BAC-A943-4604821AC1CD}.Debug|Win32.Build.0 = Debug|Win32
		{F3A2837C-507C-4BAC-A943-4604821AC1CD}.Release|Win32.ActiveCfg = Release|Win32
		{F3A2837C-507C-4BAC-A943-4604821AC1CD}.Release|Win32.Build.0 = Release|Win32
	EndGlobalSection
	GlobalSection(SolutionProperties) = preSolution
		HideSolutionNode = FALSE
	EndGlobalSection
EndGlobal
